
Microsoft Visual Studio Solution File, Format Version 12.00
# Visual Studio Version 17
VisualStudioVersion = 17.7.34202.233
MinimumVisualStudioVersion = 10.0.40219.1
Project("{FAE04EC0-301F-11D3-BF4B-00C04F79EFBC}") = "EmployeeInfoTask", "EmployeeInfoTask\EmployeeInfoTask.csproj", "{57EB2728-C2B1-49D5-9970-9BB8C1804577}"
EndProject
Global
	GlobalSection(SolutionConfigurationPlatforms) = preSolution
		Debug|Any CPU = Debug|Any CPU
		Release|Any CPU = Release|Any CPU
	EndGlobalSection
	GlobalSection(ProjectConfigurationPlatforms) = postSolution
		{57EB2728-C2B1-49D5-9970-9BB8C1804577}.Debug|Any CPU.ActiveCfg = Debug|Any CPU
		{57EB2728-C2B1-49D5-9970-9BB8C1804577}.Debug|Any CPU.Build.0 = Debug|Any CPU
		{57EB2728-C2B1-49D5-9970-9BB8C1804577}.Release|Any CPU.ActiveCfg = Release|Any CPU
		{57EB2728-C2B1-49D5-9970-9BB8C1804577}.Release|Any CPU.Build.0 = Release|Any CPU
	EndGlobalSection
	GlobalSection(SolutionProperties) = preSolution
		HideSolutionNode = FALSE
	EndGlobalSection
	GlobalSection(ExtensibilityGlobals) = postSolution
		SolutionGuid = {7DFBAAC8-5CAC-489A-9F43-A480BD86FE27}
	EndGlobalSection
EndGlobal
